// !$*UTF8*$!
{
	archiveVersion = 1;
	classes = {
	};
	objectVersion = 52;
	objects = {

/* Begin PBXBuildFile section */
		3E56962B2629253300043826 /* Time in Frameworks */ = {isa = PBXBuildFile; productRef = 3E56962A2629253300043826 /* Time */; };
		3E56963B262929C700043826 /* Settings.swift in Sources */ = {isa = PBXBuildFile; fileRef = 3E56963A262929C700043826 /* Settings.swift */; };
		3E56971F26295C5600043826 /* AppDelegate.swift in Sources */ = {isa = PBXBuildFile; fileRef = 3E56971E26295C5600043826 /* AppDelegate.swift */; };
		3E56972326295C5800043826 /* Assets.xcassets in Resources */ = {isa = PBXBuildFile; fileRef = 3E56972226295C5800043826 /* Assets.xcassets */; };
		3E56972626295C5800043826 /* Main.storyboard in Resources */ = {isa = PBXBuildFile; fileRef = 3E56972426295C5800043826 /* Main.storyboard */; };
		3E56973026295CBF00043826 /* MenuClockLauncher.app in CopyFiles */ = {isa = PBXBuildFile; fileRef = 3E56971C26295C5600043826 /* MenuClockLauncher.app */; settings = {ATTRIBUTES = (RemoveHeadersOnCopy, ); }; };
		3E56973A26295CFB00043826 /* ServiceManagement.framework in Frameworks */ = {isa = PBXBuildFile; fileRef = 3E56973926295CFB00043826 /* ServiceManagement.framework */; };
		3E56973E262961AC00043826 /* Settings.swift in Sources */ = {isa = PBXBuildFile; fileRef = 3E56963A262929C700043826 /* Settings.swift */; };
		F5AEE091207AFE800042695A /* AppDelegate.swift in Sources */ = {isa = PBXBuildFile; fileRef = F5AEE090207AFE800042695A /* AppDelegate.swift */; };
		F5AEE096207AFE820042695A /* MainMenu.xib in Resources */ = {isa = PBXBuildFile; fileRef = F5AEE094207AFE820042695A /* MainMenu.xib */; };
		F5AEE0BB207B00820042695A /* StatusMenuController.swift in Sources */ = {isa = PBXBuildFile; fileRef = F5AEE0BA207B00820042695A /* StatusMenuController.swift */; };
/* End PBXBuildFile section */

/* Begin PBXCopyFilesBuildPhase section */
		3E56965826292DE200043826 /* Embed App Extensions */ = {
			isa = PBXCopyFilesBuildPhase;
			buildActionMask = 2147483647;
			dstPath = "";
			dstSubfolderSpec = 13;
			files = (
			);
			name = "Embed App Extensions";
			runOnlyForDeploymentPostprocessing = 0;
		};
		3E56972F26295CAF00043826 /* CopyFiles */ = {
			isa = PBXCopyFilesBuildPhase;
			buildActionMask = 2147483647;
			dstPath = Contents/Library/LoginItems;
			dstSubfolderSpec = 1;
			files = (
				3E56973026295CBF00043826 /* MenuClockLauncher.app in CopyFiles */,
			);
			runOnlyForDeploymentPostprocessing = 0;
		};
/* End PBXCopyFilesBuildPhase section */

/* Begin PBXFileReference section */
		3E5696252629252900043826 /* Time */ = {isa = PBXFileReference; lastKnownFileType = folder; path = Time; sourceTree = "<group>"; };
		3E56963A262929C700043826 /* Settings.swift */ = {isa = PBXFileReference; lastKnownFileType = sourcecode.swift; path = Settings.swift; sourceTree = "<group>"; };
		3E56964426292DDF00043826 /* WidgetKit.framework */ = {isa = PBXFileReference; lastKnownFileType = wrapper.framework; name = WidgetKit.framework; path = System/Library/Frameworks/WidgetKit.framework; sourceTree = SDKROOT; };
		3E56964626292DDF00043826 /* SwiftUI.framework */ = {isa = PBXFileReference; lastKnownFileType = wrapper.framework; name = SwiftUI.framework; path = System/Library/Frameworks/SwiftUI.framework; sourceTree = SDKROOT; };
		3E56971C26295C5600043826 /* MenuClockLauncher.app */ = {isa = PBXFileReference; explicitFileType = wrapper.application; includeInIndex = 0; path = MenuClockLauncher.app; sourceTree = BUILT_PRODUCTS_DIR; };
		3E56971E26295C5600043826 /* AppDelegate.swift */ = {isa = PBXFileReference; lastKnownFileType = sourcecode.swift; path = AppDelegate.swift; sourceTree = "<group>"; };
		3E56972226295C5800043826 /* Assets.xcassets */ = {isa = PBXFileReference; lastKnownFileType = folder.assetcatalog; path = Assets.xcassets; sourceTree = "<group>"; };
		3E56972526295C5800043826 /* Base */ = {isa = PBXFileReference; lastKnownFileType = file.storyboard; name = Base; path = Base.lproj/Main.storyboard; sourceTree = "<group>"; };
		3E56972726295C5800043826 /* Info.plist */ = {isa = PBXFileReference; lastKnownFileType = text.plist.xml; path = Info.plist; sourceTree = "<group>"; };
		3E56972826295C5800043826 /* MenuClockLauncher.entitlements */ = {isa = PBXFileReference; lastKnownFileType = text.plist.entitlements; path = MenuClockLauncher.entitlements; sourceTree = "<group>"; };
		3E56973926295CFB00043826 /* ServiceManagement.framework */ = {isa = PBXFileReference; lastKnownFileType = wrapper.framework; name = ServiceManagement.framework; path = System/Library/Frameworks/ServiceManagement.framework; sourceTree = SDKROOT; };
		F5AEE08D207AFE800042695A /* SwiftUTCMenuClock.app */ = {isa = PBXFileReference; explicitFileType = wrapper.application; includeInIndex = 0; path = SwiftUTCMenuClock.app; sourceTree = BUILT_PRODUCTS_DIR; };
		F5AEE090207AFE800042695A /* AppDelegate.swift */ = {isa = PBXFileReference; lastKnownFileType = sourcecode.swift; path = AppDelegate.swift; sourceTree = "<group>"; };
		F5AEE095207AFE820042695A /* Base */ = {isa = PBXFileReference; lastKnownFileType = file.xib; name = Base; path = Base.lproj/MainMenu.xib; sourceTree = "<group>"; };
		F5AEE097207AFE820042695A /* Info.plist */ = {isa = PBXFileReference; lastKnownFileType = text.plist.xml; path = Info.plist; sourceTree = "<group>"; };
		F5AEE098207AFE820042695A /* SwiftUTCMenuClock.entitlements */ = {isa = PBXFileReference; lastKnownFileType = text.plist.entitlements; path = SwiftUTCMenuClock.entitlements; sourceTree = "<group>"; };
		F5AEE0BA207B00820042695A /* StatusMenuController.swift */ = {isa = PBXFileReference; lastKnownFileType = sourcecode.swift; path = StatusMenuController.swift; sourceTree = "<group>"; };
/* End PBXFileReference section */

/* Begin PBXFrameworksBuildPhase section */
		3E56971926295C5600043826 /* Frameworks */ = {
			isa = PBXFrameworksBuildPhase;
			buildActionMask = 2147483647;
			files = (
			);
			runOnlyForDeploymentPostprocessing = 0;
		};
		F5AEE08A207AFE800042695A /* Frameworks */ = {
			isa = PBXFrameworksBuildPhase;
			buildActionMask = 2147483647;
			files = (
				3E56962B2629253300043826 /* Time in Frameworks */,
				3E56973A26295CFB00043826 /* ServiceManagement.framework in Frameworks */,
			);
			runOnlyForDeploymentPostprocessing = 0;
		};
/* End PBXFrameworksBuildPhase section */

/* Begin PBXGroup section */
		3E5696292629253300043826 /* Frameworks */ = {
			isa = PBXGroup;
			children = (
				3E56973926295CFB00043826 /* ServiceManagement.framework */,
				3E56964426292DDF00043826 /* WidgetKit.framework */,
				3E56964626292DDF00043826 /* SwiftUI.framework */,
			);
			name = Frameworks;
			sourceTree = "<group>";
		};
		3E56971D26295C5600043826 /* MenuClockLauncher */ = {
			isa = PBXGroup;
			children = (
				3E56971E26295C5600043826 /* AppDelegate.swift */,
				3E56972226295C5800043826 /* Assets.xcassets */,
				3E56972426295C5800043826 /* Main.storyboard */,
				3E56972726295C5800043826 /* Info.plist */,
				3E56972826295C5800043826 /* MenuClockLauncher.entitlements */,
			);
			path = MenuClockLauncher;
			sourceTree = "<group>";
		};
		3E56973D262961A700043826 /* Shared */ = {
			isa = PBXGroup;
			children = (
				3E56963A262929C700043826 /* Settings.swift */,
			);
			path = Shared;
			sourceTree = "<group>";
		};
		F5AEE084207AFE800042695A = {
			isa = PBXGroup;
			children = (
				3E56973D262961A700043826 /* Shared */,
				3E5696252629252900043826 /* Time */,
				F5AEE08F207AFE800042695A /* SwiftUTCMenuClock */,
				3E56971D26295C5600043826 /* MenuClockLauncher */,
				F5AEE08E207AFE800042695A /* Products */,
				3E5696292629253300043826 /* Frameworks */,
			);
			sourceTree = "<group>";
			wrapsLines = 1;
		};
		F5AEE08E207AFE800042695A /* Products */ = {
			isa = PBXGroup;
			children = (
				F5AEE08D207AFE800042695A /* SwiftUTCMenuClock.app */,
				3E56971C26295C5600043826 /* MenuClockLauncher.app */,
			);
			name = Products;
			sourceTree = "<group>";
		};
		F5AEE08F207AFE800042695A /* SwiftUTCMenuClock */ = {
			isa = PBXGroup;
			children = (
				F5AEE090207AFE800042695A /* AppDelegate.swift */,
				F5AEE0BA207B00820042695A /* StatusMenuController.swift */,
				F5AEE094207AFE820042695A /* MainMenu.xib */,
				F5AEE097207AFE820042695A /* Info.plist */,
				F5AEE098207AFE820042695A /* SwiftUTCMenuClock.entitlements */,
			);
			path = SwiftUTCMenuClock;
			sourceTree = "<group>";
		};
/* End PBXGroup section */

/* Begin PBXNativeTarget section */
		3E56971B26295C5600043826 /* MenuClockLauncher */ = {
			isa = PBXNativeTarget;
			buildConfigurationList = 3E56972926295C5800043826 /* Build configuration list for PBXNativeTarget "MenuClockLauncher" */;
			buildPhases = (
				3E56971826295C5600043826 /* Sources */,
				3E56971926295C5600043826 /* Frameworks */,
				3E56971A26295C5600043826 /* Resources */,
			);
			buildRules = (
			);
			dependencies = (
			);
			name = MenuClockLauncher;
			productName = MenuClockLauncher;
			productReference = 3E56971C26295C5600043826 /* MenuClockLauncher.app */;
			productType = "com.apple.product-type.application";
		};
		F5AEE08C207AFE800042695A /* SwiftUTCMenuClock */ = {
			isa = PBXNativeTarget;
			buildConfigurationList = F5AEE0B1207AFE820042695A /* Build configuration list for PBXNativeTarget "SwiftUTCMenuClock" */;
			buildPhases = (
				F5AEE089207AFE800042695A /* Sources */,
				F5AEE08A207AFE800042695A /* Frameworks */,
				F5AEE08B207AFE800042695A /* Resources */,
				3E56965826292DE200043826 /* Embed App Extensions */,
				3E56972F26295CAF00043826 /* CopyFiles */,
			);
			buildRules = (
			);
			dependencies = (
			);
			name = SwiftUTCMenuClock;
			packageProductDependencies = (
				3E56962A2629253300043826 /* Time */,
			);
			productName = SwiftUTCMenuClock;
			productReference = F5AEE08D207AFE800042695A /* SwiftUTCMenuClock.app */;
			productType = "com.apple.product-type.application";
		};
/* End PBXNativeTarget section */

/* Begin PBXProject section */
		F5AEE085207AFE800042695A /* Project object */ = {
			isa = PBXProject;
			attributes = {
				LastSwiftUpdateCheck = 1240;
				LastUpgradeCheck = 1240;
				ORGANIZATIONNAME = jonblatho;
				TargetAttributes = {
					3E56971B26295C5600043826 = {
						CreatedOnToolsVersion = 12.4;
					};
					F5AEE08C207AFE800042695A = {
						CreatedOnToolsVersion = 9.3;
						LastSwiftMigration = 1240;
					};
				};
			};
			buildConfigurationList = F5AEE088207AFE800042695A /* Build configuration list for PBXProject "SwiftUTCMenuClock" */;
			compatibilityVersion = "Xcode 9.3";
			developmentRegion = en;
			hasScannedForEncodings = 0;
			knownRegions = (
				en,
				Base,
			);
			mainGroup = F5AEE084207AFE800042695A;
			productRefGroup = F5AEE08E207AFE800042695A /* Products */;
			projectDirPath = "";
			projectRoot = "";
			targets = (
				F5AEE08C207AFE800042695A /* SwiftUTCMenuClock */,
				3E56971B26295C5600043826 /* MenuClockLauncher */,
			);
		};
/* End PBXProject section */

/* Begin PBXResourcesBuildPhase section */
		3E56971A26295C5600043826 /* Resources */ = {
			isa = PBXResourcesBuildPhase;
			buildActionMask = 2147483647;
			files = (
				3E56972326295C5800043826 /* Assets.xcassets in Resources */,
				3E56972626295C5800043826 /* Main.storyboard in Resources */,
			);
			runOnlyForDeploymentPostprocessing = 0;
		};
		F5AEE08B207AFE800042695A /* Resources */ = {
			isa = PBXResourcesBuildPhase;
			buildActionMask = 2147483647;
			files = (
				F5AEE096207AFE820042695A /* MainMenu.xib in Resources */,
			);
			runOnlyForDeploymentPostprocessing = 0;
		};
/* End PBXResourcesBuildPhase section */

/* Begin PBXSourcesBuildPhase section */
		3E56971826295C5600043826 /* Sources */ = {
			isa = PBXSourcesBuildPhase;
			buildActionMask = 2147483647;
			files = (
				3E56973E262961AC00043826 /* Settings.swift in Sources */,
				3E56971F26295C5600043826 /* AppDelegate.swift in Sources */,
			);
			runOnlyForDeploymentPostprocessing = 0;
		};
		F5AEE089207AFE800042695A /* Sources */ = {
			isa = PBXSourcesBuildPhase;
			buildActionMask = 2147483647;
			files = (
				3E56963B262929C700043826 /* Settings.swift in Sources */,
				F5AEE0BB207B00820042695A /* StatusMenuController.swift in Sources */,
				F5AEE091207AFE800042695A /* AppDelegate.swift in Sources */,
			);
			runOnlyForDeploymentPostprocessing = 0;
		};
/* End PBXSourcesBuildPhase section */

/* Begin PBXVariantGroup section */
		3E56972426295C5800043826 /* Main.storyboard */ = {
			isa = PBXVariantGroup;
			children = (
				3E56972526295C5800043826 /* Base */,
			);
			name = Main.storyboard;
			sourceTree = "<group>";
		};
		F5AEE094207AFE820042695A /* MainMenu.xib */ = {
			isa = PBXVariantGroup;
			children = (
				F5AEE095207AFE820042695A /* Base */,
			);
			name = MainMenu.xib;
			sourceTree = "<group>";
		};
/* End PBXVariantGroup section */

/* Begin XCBuildConfiguration section */
		3E56972A26295C5800043826 /* Debug */ = {
			isa = XCBuildConfiguration;
			buildSettings = {
				ASSETCATALOG_COMPILER_APPICON_NAME = AppIcon;
				ASSETCATALOG_COMPILER_GLOBAL_ACCENT_COLOR_NAME = AccentColor;
				CODE_SIGN_ENTITLEMENTS = MenuClockLauncher/MenuClockLauncher.entitlements;
				CODE_SIGN_STYLE = Automatic;
				COMBINE_HIDPI_IMAGES = YES;
				CURRENT_PROJECT_VERSION = 4;
				DEVELOPMENT_TEAM = 6LDW4Q5KWU;
				ENABLE_HARDENED_RUNTIME = YES;
				INFOPLIST_FILE = MenuClockLauncher/Info.plist;
				LD_RUNPATH_SEARCH_PATHS = (
					"$(inherited)",
					"@executable_path/../Frameworks",
				);
				MACOSX_DEPLOYMENT_TARGET = 10.15;
				MARKETING_VERSION = 1.0;
				MTL_ENABLE_DEBUG_INFO = INCLUDE_SOURCE;
				MTL_FAST_MATH = YES;
				PRODUCT_BUNDLE_IDENTIFIER = com.jonblatho.MenuClockLauncher;
				PRODUCT_NAME = "$(TARGET_NAME)";
				SKIP_INSTALL = YES;
				SWIFT_VERSION = 5.0;
			};
			name = Debug;
		};
		3E56972B26295C5800043826 /* Release */ = {
			isa = XCBuildConfiguration;
			buildSettings = {
				ASSETCATALOG_COMPILER_APPICON_NAME = AppIcon;
				ASSETCATALOG_COMPILER_GLOBAL_ACCENT_COLOR_NAME = AccentColor;
				CODE_SIGN_ENTITLEMENTS = MenuClockLauncher/MenuClockLauncher.entitlements;
				CODE_SIGN_STYLE = Automatic;
				COMBINE_HIDPI_IMAGES = YES;
				CURRENT_PROJECT_VERSION = 4;
				DEVELOPMENT_TEAM = 6LDW4Q5KWU;
				ENABLE_HARDENED_RUNTIME = YES;
				INFOPLIST_FILE = MenuClockLauncher/Info.plist;
				LD_RUNPATH_SEARCH_PATHS = (
					"$(inherited)",
					"@executable_path/../Frameworks",
				);
				MACOSX_DEPLOYMENT_TARGET = 10.15;
				MARKETING_VERSION = 1.0;
				MTL_FAST_MATH = YES;
				PRODUCT_BUNDLE_IDENTIFIER = com.jonblatho.MenuClockLauncher;
				PRODUCT_NAME = "$(TARGET_NAME)";
				SKIP_INSTALL = YES;
				SWIFT_VERSION = 5.0;
			};
			name = Release;
		};
		F5AEE0AF207AFE820042695A /* Debug */ = {
			isa = XCBuildConfiguration;
			buildSettings = {
				ALWAYS_SEARCH_USER_PATHS = NO;
				CLANG_ANALYZER_NONNULL = YES;
				CLANG_ANALYZER_NUMBER_OBJECT_CONVERSION = YES_AGGRESSIVE;
				CLANG_CXX_LANGUAGE_STANDARD = "gnu++14";
				CLANG_CXX_LIBRARY = "libc++";
				CLANG_ENABLE_MODULES = YES;
				CLANG_ENABLE_OBJC_ARC = YES;
				CLANG_ENABLE_OBJC_WEAK = YES;
				CLANG_WARN_BLOCK_CAPTURE_AUTORELEASING = YES;
				CLANG_WARN_BOOL_CONVERSION = YES;
				CLANG_WARN_COMMA = YES;
				CLANG_WARN_CONSTANT_CONVERSION = YES;
				CLANG_WARN_DEPRECATED_OBJC_IMPLEMENTATIONS = YES;
				CLANG_WARN_DIRECT_OBJC_ISA_USAGE = YES_ERROR;
				CLANG_WARN_DOCUMENTATION_COMMENTS = YES;
				CLANG_WARN_EMPTY_BODY = YES;
				CLANG_WARN_ENUM_CONVERSION = YES;
				CLANG_WARN_INFINITE_RECURSION = YES;
				CLANG_WARN_INT_CONVERSION = YES;
				CLANG_WARN_NON_LITERAL_NULL_CONVERSION = YES;
				CLANG_WARN_OBJC_IMPLICIT_RETAIN_SELF = YES;
				CLANG_WARN_OBJC_LITERAL_CONVERSION = YES;
				CLANG_WARN_OBJC_ROOT_CLASS = YES_ERROR;
				CLANG_WARN_QUOTED_INCLUDE_IN_FRAMEWORK_HEADER = YES;
				CLANG_WARN_RANGE_LOOP_ANALYSIS = YES;
				CLANG_WARN_STRICT_PROTOTYPES = YES;
				CLANG_WARN_SUSPICIOUS_MOVE = YES;
				CLANG_WARN_UNGUARDED_AVAILABILITY = YES_AGGRESSIVE;
				CLANG_WARN_UNREACHABLE_CODE = YES;
				CLANG_WARN__DUPLICATE_METHOD_MATCH = YES;
				CODE_SIGN_IDENTITY = "Mac Developer";
				COPY_PHASE_STRIP = NO;
				DEBUG_INFORMATION_FORMAT = dwarf;
				ENABLE_STRICT_OBJC_MSGSEND = YES;
				ENABLE_TESTABILITY = YES;
				GCC_C_LANGUAGE_STANDARD = gnu11;
				GCC_DYNAMIC_NO_PIC = NO;
				GCC_NO_COMMON_BLOCKS = YES;
				GCC_OPTIMIZATION_LEVEL = 0;
				GCC_PREPROCESSOR_DEFINITIONS = (
					"DEBUG=1",
					"$(inherited)",
				);
				GCC_WARN_64_TO_32_BIT_CONVERSION = YES;
				GCC_WARN_ABOUT_RETURN_TYPE = YES_ERROR;
				GCC_WARN_UNDECLARED_SELECTOR = YES;
				GCC_WARN_UNINITIALIZED_AUTOS = YES_AGGRESSIVE;
				GCC_WARN_UNUSED_FUNCTION = YES;
				GCC_WARN_UNUSED_VARIABLE = YES;
				MACOSX_DEPLOYMENT_TARGET = 10.15;
				MTL_ENABLE_DEBUG_INFO = YES;
				ONLY_ACTIVE_ARCH = YES;
				SDKROOT = macosx;
				SWIFT_ACTIVE_COMPILATION_CONDITIONS = DEBUG;
				SWIFT_OPTIMIZATION_LEVEL = "-Onone";
			};
			name = Debug;
		};
		F5AEE0B0207AFE820042695A /* Release */ = {
			isa = XCBuildConfiguration;
			buildSettings = {
				ALWAYS_SEARCH_USER_PATHS = NO;
				CLANG_ANALYZER_NONNULL = YES;
				CLANG_ANALYZER_NUMBER_OBJECT_CONVERSION = YES_AGGRESSIVE;
				CLANG_CXX_LANGUAGE_STANDARD = "gnu++14";
				CLANG_CXX_LIBRARY = "libc++";
				CLANG_ENABLE_MODULES = YES;
				CLANG_ENABLE_OBJC_ARC = YES;
				CLANG_ENABLE_OBJC_WEAK = YES;
				CLANG_WARN_BLOCK_CAPTURE_AUTORELEASING = YES;
				CLANG_WARN_BOOL_CONVERSION = YES;
				CLANG_WARN_COMMA = YES;
				CLANG_WARN_CONSTANT_CONVERSION = YES;
				CLANG_WARN_DEPRECATED_OBJC_IMPLEMENTATIONS = YES;
				CLANG_WARN_DIRECT_OBJC_ISA_USAGE = YES_ERROR;
				CLANG_WARN_DOCUMENTATION_COMMENTS = YES;
				CLANG_WARN_EMPTY_BODY = YES;
				CLANG_WARN_ENUM_CONVERSION = YES;
				CLANG_WARN_INFINITE_RECURSION = YES;
				CLANG_WARN_INT_CONVERSION = YES;
				CLANG_WARN_NON_LITERAL_NULL_CONVERSION = YES;
				CLANG_WARN_OBJC_IMPLICIT_RETAIN_SELF = YES;
				CLANG_WARN_OBJC_LITERAL_CONVERSION = YES;
				CLANG_WARN_OBJC_ROOT_CLASS = YES_ERROR;
				CLANG_WARN_QUOTED_INCLUDE_IN_FRAMEWORK_HEADER = YES;
				CLANG_WARN_RANGE_LOOP_ANALYSIS = YES;
				CLANG_WARN_STRICT_PROTOTYPES = YES;
				CLANG_WARN_SUSPICIOUS_MOVE = YES;
				CLANG_WARN_UNGUARDED_AVAILABILITY = YES_AGGRESSIVE;
				CLANG_WARN_UNREACHABLE_CODE = YES;
				CLANG_WARN__DUPLICATE_METHOD_MATCH = YES;
				CODE_SIGN_IDENTITY = "Mac Developer";
				COPY_PHASE_STRIP = NO;
				DEBUG_INFORMATION_FORMAT = "dwarf-with-dsym";
				ENABLE_NS_ASSERTIONS = NO;
				ENABLE_STRICT_OBJC_MSGSEND = YES;
				GCC_C_LANGUAGE_STANDARD = gnu11;
				GCC_NO_COMMON_BLOCKS = YES;
				GCC_WARN_64_TO_32_BIT_CONVERSION = YES;
				GCC_WARN_ABOUT_RETURN_TYPE = YES_ERROR;
				GCC_WARN_UNDECLARED_SELECTOR = YES;
				GCC_WARN_UNINITIALIZED_AUTOS = YES_AGGRESSIVE;
				GCC_WARN_UNUSED_FUNCTION = YES;
				GCC_WARN_UNUSED_VARIABLE = YES;
				MACOSX_DEPLOYMENT_TARGET = 10.15;
				MTL_ENABLE_DEBUG_INFO = NO;
				SDKROOT = macosx;
				SWIFT_COMPILATION_MODE = wholemodule;
				SWIFT_OPTIMIZATION_LEVEL = "-O";
			};
			name = Release;
		};
		F5AEE0B2207AFE820042695A /* Debug */ = {
			isa = XCBuildConfiguration;
			buildSettings = {
				CODE_SIGN_ENTITLEMENTS = SwiftUTCMenuClock/SwiftUTCMenuClock.entitlements;
				CODE_SIGN_IDENTITY = "Apple Development";
				CODE_SIGN_STYLE = Automatic;
				COMBINE_HIDPI_IMAGES = YES;
				CURRENT_PROJECT_VERSION = 16;
				DEVELOPMENT_TEAM = 6LDW4Q5KWU;
				ENABLE_HARDENED_RUNTIME = YES;
				INFOPLIST_FILE = SwiftUTCMenuClock/Info.plist;
				LD_RUNPATH_SEARCH_PATHS = (
					"$(inherited)",
					"@executable_path/../Frameworks",
				);
				MACOSX_DEPLOYMENT_TARGET = 10.15;
				MARKETING_VERSION = 2.0;
				PRODUCT_BUNDLE_IDENTIFIER = com.jonblatho.SwiftUTCMenuClock;
				PRODUCT_NAME = "$(TARGET_NAME)";
				PROVISIONING_PROFILE_SPECIFIER = "";
				SWIFT_VERSION = 5.0;
			};
			name = Debug;
		};
		F5AEE0B3207AFE820042695A /* Release */ = {
			isa = XCBuildConfiguration;
			buildSettings = {
				CODE_SIGN_ENTITLEMENTS = SwiftUTCMenuClock/SwiftUTCMenuClock.entitlements;
				CODE_SIGN_IDENTITY = "Apple Development";
				CODE_SIGN_STYLE = Automatic;
				COMBINE_HIDPI_IMAGES = YES;
				CURRENT_PROJECT_VERSION = 16;
				DEVELOPMENT_TEAM = 6LDW4Q5KWU;
				ENABLE_HARDENED_RUNTIME = YES;
				INFOPLIST_FILE = SwiftUTCMenuClock/Info.plist;
				LD_RUNPATH_SEARCH_PATHS = (
					"$(inherited)",
					"@executable_path/../Frameworks",
				);
				MACOSX_DEPLOYMENT_TARGET = 10.15;
				MARKETING_VERSION = 2.0;
				PRODUCT_BUNDLE_IDENTIFIER = com.jonblatho.SwiftUTCMenuClock;
				PRODUCT_NAME = "$(TARGET_NAME)";
				PROVISIONING_PROFILE_SPECIFIER = "";
				SWIFT_VERSION = 5.0;
			};
			name = Release;
		};
/* End XCBuildConfiguration section */

/* Begin XCConfigurationList section */
		3E56972926295C5800043826 /* Build configuration list for PBXNativeTarget "MenuClockLauncher" */ = {
			isa = XCConfigurationList;
			buildConfigurations = (
				3E56972A26295C5800043826 /* Debug */,
				3E56972B26295C5800043826 /* Release */,
			);
			defaultConfigurationIsVisible = 0;
			defaultConfigurationName = Release;
		};
		F5AEE088207AFE800042695A /* Build configuration list for PBXProject "SwiftUTCMenuClock" */ = {
			isa = XCConfigurationList;
			buildConfigurations = (
				F5AEE0AF207AFE820042695A /* Debug */,
				F5AEE0B0207AFE820042695A /* Release */,
			);
			defaultConfigurationIsVisible = 0;
			defaultConfigurationName = Release;
		};
		F5AEE0B1207AFE820042695A /* Build configuration list for PBXNativeTarget "SwiftUTCMenuClock" */ = {
			isa = XCConfigurationList;
			buildConfigurations = (
				F5AEE0B2207AFE820042695A /* Debug */,
				F5AEE0B3207AFE820042695A /* Release */,
			);
			defaultConfigurationIsVisible = 0;
			defaultConfigurationName = Release;
		};
/* End XCConfigurationList section */

/* Begin XCSwiftPackageProductDependency section */
		3E56962A2629253300043826 /* Time */ = {
			isa = XCSwiftPackageProductDependency;
			productName = Time;
		};
/* End XCSwiftPackageProductDependency section */
	};
	rootObject = F5AEE085207AFE800042695A /* Project object */;
}
